
Microsoft Visual Studio Solution File, Format Version 12.00
# Visual Studio 15
VisualStudioVersion = 15.0.28307.1500
MinimumVisualStudioVersion = 10.0.40219.1
Project("{FAE04EC0-301F-11D3-BF4B-00C04F79EFBC}") = "CovidUpdate", "CovidUpdate\CovidUpdate.csproj", "{AA9114BC-A5E0-4962-8404-C68E177EF686}"
EndProject
Global
	GlobalSection(SolutionConfigurationPlatforms) = preSolution
		Debug|Any CPU = Debug|Any CPU
		Release|Any CPU = Release|Any CPU
	EndGlobalSection
	GlobalSection(ProjectConfigurationPlatforms) = postSolution
		{AA9114BC-A5E0-4962-8404-C68E177EF686}.Debug|Any CPU.ActiveCfg = Debug|Any CPU
		{AA9114BC-A5E0-4962-8404-C68E177EF686}.Debug|Any CPU.Build.0 = Debug|Any CPU
		{AA9114BC-A5E0-4962-8404-C68E177EF686}.Release|Any CPU.ActiveCfg = Release|Any CPU
		{AA9114BC-A5E0-4962-8404-C68E177EF686}.Release|Any CPU.Build.0 = Release|Any CPU
	EndGlobalSection
	GlobalSection(SolutionProperties) = preSolution
		HideSolutionNode = FALSE
	EndGlobalSection
	GlobalSection(ExtensibilityGlobals) = postSolution
		SolutionGuid = {9FEC95B3-ECC1-42AC-9E09-2B463457D536}
	EndGlobalSection
EndGlobal
